
Microsoft Visual Studio Solution File, Format Version 12.00
# Visual Studio Version 16
VisualStudioVersion = 16.0.29519.87
MinimumVisualStudioVersion = 10.0.40219.1
Project("{FAE04EC0-301F-11D3-BF4B-00C04F79EFBC}") = "PLS Post Processor", "PLS Post Processor\PLS Post Processor.csproj", "{395A3B53-3A6F-4F95-B94E-B7696FEDD2FA}"
EndProject
Global
	GlobalSection(SolutionConfigurationPlatforms) = preSolution
		Debug|Any CPU = Debug|Any CPU
		Debug|ARM = Debug|ARM
		Debug|ARM64 = Debug|ARM64
		Debug|x64 = Debug|x64
		Debug|x86 = Debug|x86
		Release|Any CPU = Release|Any CPU
		Release|ARM = Release|ARM
		Release|ARM64 = Release|ARM64
		Release|x64 = Release|x64
		Release|x86 = Release|x86
	EndGlobalSection
	GlobalSection(ProjectConfigurationPlatforms) = postSolution
		{395A3B53-3A6F-4F95-B94E-B7696FEDD2FA}.Debug|Any CPU.ActiveCfg = Debug|Any CPU
		{395A3B53-3A6F-4F95-B94E-B7696FEDD2FA}.Debug|Any CPU.Build.0 = Debug|Any CPU
		{395A3B53-3A6F-4F95-B94E-B7696FEDD2FA}.Debug|ARM.ActiveCfg = Debug|Any CPU
		{395A3B53-3A6F-4F95-B94E-B7696FEDD2FA}.Debug|ARM.Build.0 = Debug|Any CPU
		{395A3B53-3A6F-4F95-B94E-B7696FEDD2FA}.Debug|ARM64.ActiveCfg = Debug|Any CPU
		{395A3B53-3A6F-4F95-B94E-B7696FEDD2FA}.Debug|ARM64.Build.0 = Debug|Any CPU
		{395A3B53-3A6F-4F95-B94E-B7696FEDD2FA}.Debug|x64.ActiveCfg = Debug|Any CPU
		{395A3B53-3A6F-4F95-B94E-B7696FEDD2FA}.Debug|x64.Build.0 = Debug|Any CPU
		{395A3B53-3A6F-4F95-B94E-B7696FEDD2FA}.Debug|x86.ActiveCfg = Debug|x86
		{395A3B53-3A6F-4F95-B94E-B7696FEDD2FA}.Debug|x86.Build.0 = Debug|x86
		{395A3B53-3A6F-4F95-B94E-B7696FEDD2FA}.Release|Any CPU.ActiveCfg = Release|Any CPU
		{395A3B53-3A6F-4F95-B94E-B7696FEDD2FA}.Release|Any CPU.Build.0 = Release|Any CPU
		{395A3B53-3A6F-4F95-B94E-B7696FEDD2FA}.Release|ARM.ActiveCfg = Release|Any CPU
		{395A3B53-3A6F-4F95-B94E-B7696FEDD2FA}.Release|ARM.Build.0 = Release|Any CPU
		{395A3B53-3A6F-4F95-B94E-B7696FEDD2FA}.Release|ARM64.ActiveCfg = Release|Any CPU
		{395A3B53-3A6F-4F95-B94E-B7696FEDD2FA}.Release|ARM64.Build.0 = Release|Any CPU
		{395A3B53-3A6F-4F95-B94E-B7696FEDD2FA}.Release|x64.ActiveCfg = Release|Any CPU
		{395A3B53-3A6F-4F95-B94E-B7696FEDD2FA}.Release|x64.Build.0 = Release|Any CPU
		{395A3B53-3A6F-4F95-B94E-B7696FEDD2FA}.Release|x86.ActiveCfg = Release|x86
		{395A3B53-3A6F-4F95-B94E-B7696FEDD2FA}.Release|x86.Build.0 = Release|x86
	EndGlobalSection
	GlobalSection(SolutionProperties) = preSolution
		HideSolutionNode = FALSE
	EndGlobalSection
	GlobalSection(ExtensibilityGlobals) = postSolution
		SolutionGuid = {F7F491A0-AACE-4146-928F-3C0F3E6A1381}
	EndGlobalSection
	GlobalSection(TeamFoundationVersionControl) = preSolution
		SccNumberOfProjects = 2
		SccEnterpriseProvider = {4CA58AB2-18FA-4F8D-95D4-32DDF27D184C}
		SccTeamFoundationServer = https://iasc-dev-tfs1/sabre
		SccLocalPath0 = .
		SccProjectUniqueName1 = PLS\u0020Post\u0020Processor\\PLS\u0020Post\u0020Processor.csproj
		SccProjectName1 = PLS\u0020Post\u0020Processor
		SccLocalPath1 = PLS\u0020Post\u0020Processor
	EndGlobalSection
EndGlobal
